
Microsoft Visual Studio Solution File, Format Version 12.00
# Visual Studio Version 17
VisualStudioVersion = 17.3.32819.101
MinimumVisualStudioVersion = 10.0.40219.1
Project("{9A19103F-16F7-4668-BE54-9A1E7A4F7556}") = "RiskOfChaos", "RiskOfChaos\RiskOfChaos.csproj", "{2F8A40CC-6D15-486D-B689-0A7A472DB89E}"
	ProjectSection(ProjectDependencies) = postProject
		{CABDF368-415B-431F-8316-54707FD2F695} = {CABDF368-415B-431F-8316-54707FD2F695}
	EndProjectSection
EndProject
Project("{2150E333-8FDC-42A3-9474-1A3956D46DE8}") = "Metadata", "Metadata", "{3A26DDA8-2697-4D64-962B-DB9E2DC00EF6}"
	ProjectSection(SolutionItems) = preProject
		..\CHANGELOG.md = ..\CHANGELOG.md
		..\manifest.json = ..\manifest.json
		..\README.md = ..\README.md
	EndProjectSection
EndProject
Project("{2150E333-8FDC-42A3-9474-1A3956D46DE8}") = "lang", "lang", "{82611093-7B12-4659-9602-8B7BE0BC0AED}"
EndProject
Project("{2150E333-8FDC-42A3-9474-1A3956D46DE8}") = "en", "en", "{5B1C6AEB-3034-4036-A3DC-F44B739946BC}"
	ProjectSection(SolutionItems) = preProject
		lang\en\CharacterBodies.txt = lang\en\CharacterBodies.txt
		lang\en\ChatMessages.txt = lang\en\ChatMessages.txt
		lang\en\Effects.txt = lang\en\Effects.txt
		lang\en\Items.txt = lang\en\Items.txt
		lang\en\UI.txt = lang\en\UI.txt
	EndProjectSection
EndProject
Project("{2150E333-8FDC-42A3-9474-1A3956D46DE8}") = "pt-BR", "pt-BR", "{4C02665E-BED6-4E79-9C6B-A3BC9F5005F1}"
	ProjectSection(SolutionItems) = preProject
		lang\pt-BR\CharacterBodies.txt = lang\pt-BR\CharacterBodies.txt
		lang\pt-BR\ChatMessages.txt = lang\pt-BR\ChatMessages.txt
		lang\pt-BR\Effects.txt = lang\pt-BR\Effects.txt
		lang\pt-BR\UI.txt = lang\pt-BR\UI.txt
	EndProjectSection
EndProject
Project("{2150E333-8FDC-42A3-9474-1A3956D46DE8}") = "Solution Items", "Solution Items", "{94AF67EA-E214-4D35-A617-8A83FDC49F12}"
	ProjectSection(SolutionItems) = preProject
		.editorconfig = .editorconfig
	EndProjectSection
EndProject
Project("{9A19103F-16F7-4668-BE54-9A1E7A4F7556}") = "RiskOfTwitch", "RiskOfTwitch\RiskOfTwitch.csproj", "{CABDF368-415B-431F-8316-54707FD2F695}"
EndProject
Global
	GlobalSection(SolutionConfigurationPlatforms) = preSolution
		Debug|Any CPU = Debug|Any CPU
		Release|Any CPU = Release|Any CPU
	EndGlobalSection
	GlobalSection(ProjectConfigurationPlatforms) = postSolution
		{2F8A40CC-6D15-486D-B689-0A7A472DB89E}.Debug|Any CPU.ActiveCfg = Debug|Any CPU
		{2F8A40CC-6D15-486D-B689-0A7A472DB89E}.Debug|Any CPU.Build.0 = Debug|Any CPU
		{2F8A40CC-6D15-486D-B689-0A7A472DB89E}.Release|Any CPU.ActiveCfg = Release|Any CPU
		{2F8A40CC-6D15-486D-B689-0A7A472DB89E}.Release|Any CPU.Build.0 = Release|Any CPU
		{CABDF368-415B-431F-8316-54707FD2F695}.Debug|Any CPU.ActiveCfg = Debug|Any CPU
		{CABDF368-415B-431F-8316-54707FD2F695}.Debug|Any CPU.Build.0 = Debug|Any CPU
		{CABDF368-415B-431F-8316-54707FD2F695}.Release|Any CPU.ActiveCfg = Release|Any CPU
		{CABDF368-415B-431F-8316-54707FD2F695}.Release|Any CPU.Build.0 = Release|Any CPU
	EndGlobalSection
	GlobalSection(SolutionProperties) = preSolution
		HideSolutionNode = FALSE
	EndGlobalSection
	GlobalSection(NestedProjects) = preSolution
		{82611093-7B12-4659-9602-8B7BE0BC0AED} = {3A26DDA8-2697-4D64-962B-DB9E2DC00EF6}
		{5B1C6AEB-3034-4036-A3DC-F44B739946BC} = {82611093-7B12-4659-9602-8B7BE0BC0AED}
		{4C02665E-BED6-4E79-9C6B-A3BC9F5005F1} = {82611093-7B12-4659-9602-8B7BE0BC0AED}
	EndGlobalSection
	GlobalSection(ExtensibilityGlobals) = postSolution
		SolutionGuid = {25394121-1456-4FD9-A853-060A4DBBB74C}
	EndGlobalSection
EndGlobal
